
Microsoft Visual Studio Solution File, Format Version 12.00
# Visual Studio 14
VisualStudioVersion = 14.0.22823.1
MinimumVisualStudioVersion = 10.0.40219.1
Project("{2150E333-8FDC-42A3-9474-1A3956D46DE8}") = "lib", "lib", "{71586AA0-4A45-49D5-94F2-C026059D45D8}"
EndProject
Project("{FAE04EC0-301F-11D3-BF4B-00C04F79EFBC}") = "Estimotes", "Estimotes\Estimotes.csproj", "{CB762848-028C-4470-87C5-843B411AD77D}"
EndProject
Project("{FAE04EC0-301F-11D3-BF4B-00C04F79EFBC}") = "Estimotes.iOS", "Estimotes.iOS\Estimotes.iOS.csproj", "{41E04F11-D6FC-4A4D-B844-F7C067EAE970}"
EndProject
Project("{FAE04EC0-301F-11D3-BF4B-00C04F79EFBC}") = "Estimotes.Droid", "Estimotes.Droid\Estimotes.Droid.csproj", "{EEE78647-0789-4CE5-BDBE-43A1A9256457}"
EndProject
Project("{D954291E-2A0B-460D-934E-DC6B0785DB48}") = "Estimotes.Shared", "Estimotes.Shared\Estimotes.Shared.shproj", "{111AC6C9-DCFF-45EF-8F17-133A694EAEEE}"
EndProject
Project("{FAE04EC0-301F-11D3-BF4B-00C04F79EFBC}") = "Estimotes.Interface", "Estimotes.Interface\Estimotes.Interface.csproj", "{5B2339D1-65D5-4483-ACA9-997350A30E5B}"
EndProject
Project("{FAE04EC0-301F-11D3-BF4B-00C04F79EFBC}") = "Samples", "Samples\Samples\Samples.csproj", "{E2D72DDC-611A-4D07-87CE-9ECDC484DF5C}"
EndProject
Project("{FAE04EC0-301F-11D3-BF4B-00C04F79EFBC}") = "Samples.iOS", "Samples\Samples.iOS\Samples.iOS.csproj", "{A00C80F3-7504-471B-A371-C9F0721DE8F5}"
EndProject
Project("{FAE04EC0-301F-11D3-BF4B-00C04F79EFBC}") = "Samples.Droid", "Samples\Samples.Droid\Samples.Droid.csproj", "{1AAB2C97-82A0-4BD1-A9EF-CC7DD04CA8BC}"
EndProject
Project("{2150E333-8FDC-42A3-9474-1A3956D46DE8}") = "nuspec", "nuspec", "{4E576A63-F98F-4856-A5AF-80D05A2F9745}"
	ProjectSection(SolutionItems) = preProject
		nuspec\Estimotes.Xplat.nuspec = nuspec\Estimotes.Xplat.nuspec
		nuspec\nuget.exe = nuspec\nuget.exe
		nuspec\pack.cmd = nuspec\pack.cmd
		nuspec\push.cmd = nuspec\push.cmd
		readme.md = readme.md
	EndProjectSection
EndProject
Project("{FAE04EC0-301F-11D3-BF4B-00C04F79EFBC}") = "Estimotes.Android.Binding", "Estimotes.Android.Binding\Estimotes.Android.Binding.csproj", "{6A1F28DD-EC87-49A8-9207-DEDEEA2D3F73}"
EndProject
Global
	GlobalSection(SharedMSBuildProjectFiles) = preSolution
		Estimotes.Shared\Estimotes.Shared.projitems*{eee78647-0789-4ce5-bdbe-43a1a9256457}*SharedItemsImports = 4
		Estimotes.Shared\Estimotes.Shared.projitems*{111ac6c9-dcff-45ef-8f17-133a694eaeee}*SharedItemsImports = 13
		Estimotes.Shared\Estimotes.Shared.projitems*{cb762848-028c-4470-87c5-843b411ad77d}*SharedItemsImports = 4
		Estimotes.Shared\Estimotes.Shared.projitems*{41e04f11-d6fc-4a4d-b844-f7c067eae970}*SharedItemsImports = 4
	EndGlobalSection
	GlobalSection(SolutionConfigurationPlatforms) = preSolution
		Ad-Hoc|Any CPU = Ad-Hoc|Any CPU
		Ad-Hoc|ARM = Ad-Hoc|ARM
		Ad-Hoc|iPhone = Ad-Hoc|iPhone
		Ad-Hoc|iPhoneSimulator = Ad-Hoc|iPhoneSimulator
		Ad-Hoc|Mixed Platforms = Ad-Hoc|Mixed Platforms
		Ad-Hoc|x86 = Ad-Hoc|x86
		AppStore|Any CPU = AppStore|Any CPU
		AppStore|ARM = AppStore|ARM
		AppStore|iPhone = AppStore|iPhone
		AppStore|iPhoneSimulator = AppStore|iPhoneSimulator
		AppStore|Mixed Platforms = AppStore|Mixed Platforms
		AppStore|x86 = AppStore|x86
		Debug|Any CPU = Debug|Any CPU
		Debug|ARM = Debug|ARM
		Debug|iPhone = Debug|iPhone
		Debug|iPhoneSimulator = Debug|iPhoneSimulator
		Debug|Mixed Platforms = Debug|Mixed Platforms
		Debug|x86 = Debug|x86
		Release|Any CPU = Release|Any CPU
		Release|ARM = Release|ARM
		Release|iPhone = Release|iPhone
		Release|iPhoneSimulator = Release|iPhoneSimulator
		Release|Mixed Platforms = Release|Mixed Platforms
		Release|x86 = Release|x86
	EndGlobalSection
	GlobalSection(ProjectConfigurationPlatforms) = postSolution
		{CB762848-028C-4470-87C5-843B411AD77D}.Ad-Hoc|Any CPU.ActiveCfg = Release|Any CPU
		{CB762848-028C-4470-87C5-843B411AD77D}.Ad-Hoc|Any CPU.Build.0 = Release|Any CPU
		{CB762848-028C-4470-87C5-843B411AD77D}.Ad-Hoc|ARM.ActiveCfg = Release|Any CPU
		{CB762848-028C-4470-87C5-843B411AD77D}.Ad-Hoc|iPhone.ActiveCfg = Release|Any CPU
		{CB762848-028C-4470-87C5-843B411AD77D}.Ad-Hoc|iPhoneSimulator.ActiveCfg = Release|Any CPU
		{CB762848-028C-4470-87C5-843B411AD77D}.Ad-Hoc|Mixed Platforms.ActiveCfg = Release|Any CPU
		{CB762848-028C-4470-87C5-843B411AD77D}.Ad-Hoc|Mixed Platforms.Build.0 = Release|Any CPU
		{CB762848-028C-4470-87C5-843B411AD77D}.Ad-Hoc|x86.ActiveCfg = Release|Any CPU
		{CB762848-028C-4470-87C5-843B411AD77D}.AppStore|Any CPU.ActiveCfg = Release|Any CPU
		{CB762848-028C-4470-87C5-843B411AD77D}.AppStore|Any CPU.Build.0 = Release|Any CPU
		{CB762848-028C-4470-87C5-843B411AD77D}.AppStore|ARM.ActiveCfg = Release|Any CPU
		{CB762848-028C-4470-87C5-843B411AD77D}.AppStore|iPhone.ActiveCfg = Release|Any CPU
		{CB762848-028C-4470-87C5-843B411AD77D}.AppStore|iPhoneSimulator.ActiveCfg = Release|Any CPU
		{CB762848-028C-4470-87C5-843B411AD77D}.AppStore|Mixed Platforms.ActiveCfg = Release|Any CPU
		{CB762848-028C-4470-87C5-843B411AD77D}.AppStore|Mixed Platforms.Build.0 = Release|Any CPU
		{CB762848-028C-4470-87C5-843B411AD77D}.AppStore|x86.ActiveCfg = Release|Any CPU
		{CB762848-028C-4470-87C5-843B411AD77D}.Debug|Any CPU.ActiveCfg = Debug|Any CPU
		{CB762848-028C-4470-87C5-843B411AD77D}.Debug|Any CPU.Build.0 = Debug|Any CPU
		{CB762848-028C-4470-87C5-843B411AD77D}.Debug|ARM.ActiveCfg = Debug|Any CPU
		{CB762848-028C-4470-87C5-843B411AD77D}.Debug|iPhone.ActiveCfg = Debug|Any CPU
		{CB762848-028C-4470-87C5-843B411AD77D}.Debug|iPhoneSimulator.ActiveCfg = Debug|Any CPU
		{CB762848-028C-4470-87C5-843B411AD77D}.Debug|Mixed Platforms.ActiveCfg = Debug|Any CPU
		{CB762848-028C-4470-87C5-843B411AD77D}.Debug|Mixed Platforms.Build.0 = Debug|Any CPU
		{CB762848-028C-4470-87C5-843B411AD77D}.Debug|x86.ActiveCfg = Debug|Any CPU
		{CB762848-028C-4470-87C5-843B411AD77D}.Release|Any CPU.ActiveCfg = Release|Any CPU
		{CB762848-028C-4470-87C5-843B411AD77D}.Release|Any CPU.Build.0 = Release|Any CPU
		{CB762848-028C-4470-87C5-843B411AD77D}.Release|ARM.ActiveCfg = Release|Any CPU
		{CB762848-028C-4470-87C5-843B411AD77D}.Release|iPhone.ActiveCfg = Release|Any CPU
		{CB762848-028C-4470-87C5-843B411AD77D}.Release|iPhoneSimulator.ActiveCfg = Release|Any CPU
		{CB762848-028C-4470-87C5-843B411AD77D}.Release|Mixed Platforms.ActiveCfg = Release|Any CPU
		{CB762848-028C-4470-87C5-843B411AD77D}.Release|Mixed Platforms.Build.0 = Release|Any CPU
		{CB762848-028C-4470-87C5-843B411AD77D}.Release|x86.ActiveCfg = Release|Any CPU
		{41E04F11-D6FC-4A4D-B844-F7C067EAE970}.Ad-Hoc|Any CPU.ActiveCfg = Release|Any CPU
		{41E04F11-D6FC-4A4D-B844-F7C067EAE970}.Ad-Hoc|Any CPU.Build.0 = Release|Any CPU
		{41E04F11-D6FC-4A4D-B844-F7C067EAE970}.Ad-Hoc|ARM.ActiveCfg = Release|Any CPU
		{41E04F11-D6FC-4A4D-B844-F7C067EAE970}.Ad-Hoc|iPhone.ActiveCfg = Release|Any CPU
		{41E04F11-D6FC-4A4D-B844-F7C067EAE970}.Ad-Hoc|iPhoneSimulator.ActiveCfg = Release|Any CPU
		{41E04F11-D6FC-4A4D-B844-F7C067EAE970}.Ad-Hoc|Mixed Platforms.ActiveCfg = Release|Any CPU
		{41E04F11-D6FC-4A4D-B844-F7C067EAE970}.Ad-Hoc|Mixed Platforms.Build.0 = Release|Any CPU
		{41E04F11-D6FC-4A4D-B844-F7C067EAE970}.Ad-Hoc|x86.ActiveCfg = Release|Any CPU
		{41E04F11-D6FC-4A4D-B844-F7C067EAE970}.AppStore|Any CPU.ActiveCfg = Release|Any CPU
		{41E04F11-D6FC-4A4D-B844-F7C067EAE970}.AppStore|Any CPU.Build.0 = Release|Any CPU
		{41E04F11-D6FC-4A4D-B844-F7C067EAE970}.AppStore|ARM.ActiveCfg = Release|Any CPU
		{41E04F11-D6FC-4A4D-B844-F7C067EAE970}.AppStore|iPhone.ActiveCfg = Release|Any CPU
		{41E04F11-D6FC-4A4D-B844-F7C067EAE970}.AppStore|iPhoneSimulator.ActiveCfg = Release|Any CPU
		{41E04F11-D6FC-4A4D-B844-F7C067EAE970}.AppStore|Mixed Platforms.ActiveCfg = Release|Any CPU
		{41E04F11-D6FC-4A4D-B844-F7C067EAE970}.AppStore|Mixed Platforms.Build.0 = Release|Any CPU
		{41E04F11-D6FC-4A4D-B844-F7C067EAE970}.AppStore|x86.ActiveCfg = Release|Any CPU
		{41E04F11-D6FC-4A4D-B844-F7C067EAE970}.Debug|Any CPU.ActiveCfg = Debug|Any CPU
		{41E04F11-D6FC-4A4D-B844-F7C067EAE970}.Debug|Any CPU.Build.0 = Debug|Any CPU
		{41E04F11-D6FC-4A4D-B844-F7C067EAE970}.Debug|ARM.ActiveCfg = Debug|Any CPU
		{41E04F11-D6FC-4A4D-B844-F7C067EAE970}.Debug|iPhone.ActiveCfg = Debug|Any CPU
		{41E04F11-D6FC-4A4D-B844-F7C067EAE970}.Debug|iPhoneSimulator.ActiveCfg = Debug|Any CPU
		{41E04F11-D6FC-4A4D-B844-F7C067EAE970}.Debug|Mixed Platforms.ActiveCfg = Debug|Any CPU
		{41E04F11-D6FC-4A4D-B844-F7C067EAE970}.Debug|Mixed Platforms.Build.0 = Debug|Any CPU
		{41E04F11-D6FC-4A4D-B844-F7C067EAE970}.Debug|x86.ActiveCfg = Debug|Any CPU
		{41E04F11-D6FC-4A4D-B844-F7C067EAE970}.Release|Any CPU.ActiveCfg = Release|Any CPU
		{41E04F11-D6FC-4A4D-B844-F7C067EAE970}.Release|Any CPU.Build.0 = Release|Any CPU
		{41E04F11-D6FC-4A4D-B844-F7C067EAE970}.Release|ARM.ActiveCfg = Release|Any CPU
		{41E04F11-D6FC-4A4D-B844-F7C067EAE970}.Release|iPhone.ActiveCfg = Release|Any CPU
		{41E04F11-D6FC-4A4D-B844-F7C067EAE970}.Release|iPhoneSimulator.ActiveCfg = Release|Any CPU
		{41E04F11-D6FC-4A4D-B844-F7C067EAE970}.Release|Mixed Platforms.ActiveCfg = Release|Any CPU
		{41E04F11-D6FC-4A4D-B844-F7C067EAE970}.Release|Mixed Platforms.Build.0 = Release|Any CPU
		{41E04F11-D6FC-4A4D-B844-F7C067EAE970}.Release|x86.ActiveCfg = Release|Any CPU
		{EEE78647-0789-4CE5-BDBE-43A1A9256457}.Ad-Hoc|Any CPU.ActiveCfg = Release|Any CPU
		{EEE78647-0789-4CE5-BDBE-43A1A9256457}.Ad-Hoc|Any CPU.Build.0 = Release|Any CPU
		{EEE78647-0789-4CE5-BDBE-43A1A9256457}.Ad-Hoc|ARM.ActiveCfg = Release|Any CPU
		{EEE78647-0789-4CE5-BDBE-43A1A9256457}.Ad-Hoc|iPhone.ActiveCfg = Release|Any CPU
		{EEE78647-0789-4CE5-BDBE-43A1A9256457}.Ad-Hoc|iPhoneSimulator.ActiveCfg = Release|Any CPU
		{EEE78647-0789-4CE5-BDBE-43A1A9256457}.Ad-Hoc|Mixed Platforms.ActiveCfg = Release|Any CPU
		{EEE78647-0789-4CE5-BDBE-43A1A9256457}.Ad-Hoc|Mixed Platforms.Build.0 = Release|Any CPU
		{EEE78647-0789-4CE5-BDBE-43A1A9256457}.Ad-Hoc|x86.ActiveCfg = Release|Any CPU
		{EEE78647-0789-4CE5-BDBE-43A1A9256457}.AppStore|Any CPU.ActiveCfg = Release|Any CPU
		{EEE78647-0789-4CE5-BDBE-43A1A9256457}.AppStore|Any CPU.Build.0 = Release|Any CPU
		{EEE78647-0789-4CE5-BDBE-43A1A9256457}.AppStore|ARM.ActiveCfg = Release|Any CPU
		{EEE78647-0789-4CE5-BDBE-43A1A9256457}.AppStore|iPhone.ActiveCfg = Release|Any CPU
		{EEE78647-0789-4CE5-BDBE-43A1A9256457}.AppStore|iPhoneSimulator.ActiveCfg = Release|Any CPU
		{EEE78647-0789-4CE5-BDBE-43A1A9256457}.AppStore|Mixed Platforms.ActiveCfg = Release|Any CPU
		{EEE78647-0789-4CE5-BDBE-43A1A9256457}.AppStore|Mixed Platforms.Build.0 = Release|Any CPU
		{EEE78647-0789-4CE5-BDBE-43A1A9256457}.AppStore|x86.ActiveCfg = Release|Any CPU
		{EEE78647-0789-4CE5-BDBE-43A1A9256457}.Debug|Any CPU.ActiveCfg = Debug|Any CPU
		{EEE78647-0789-4CE5-BDBE-43A1A9256457}.Debug|Any CPU.Build.0 = Debug|Any CPU
		{EEE78647-0789-4CE5-BDBE-43A1A9256457}.Debug|ARM.ActiveCfg = Debug|Any CPU
		{EEE78647-0789-4CE5-BDBE-43A1A9256457}.Debug|iPhone.ActiveCfg = Debug|Any CPU
		{EEE78647-0789-4CE5-BDBE-43A1A9256457}.Debug|iPhoneSimulator.ActiveCfg = Debug|Any CPU
		{EEE78647-0789-4CE5-BDBE-43A1A9256457}.Debug|Mixed Platforms.ActiveCfg = Debug|Any CPU
		{EEE78647-0789-4CE5-BDBE-43A1A9256457}.Debug|Mixed Platforms.Build.0 = Debug|Any CPU
		{EEE78647-0789-4CE5-BDBE-43A1A9256457}.Debug|x86.ActiveCfg = Debug|Any CPU
		{EEE78647-0789-4CE5-BDBE-43A1A9256457}.Release|Any CPU.ActiveCfg = Release|Any CPU
		{EEE78647-0789-4CE5-BDBE-43A1A9256457}.Release|Any CPU.Build.0 = Release|Any CPU
		{EEE78647-0789-4CE5-BDBE-43A1A9256457}.Release|ARM.ActiveCfg = Release|Any CPU
		{EEE78647-0789-4CE5-BDBE-43A1A9256457}.Release|iPhone.ActiveCfg = Release|Any CPU
		{EEE78647-0789-4CE5-BDBE-43A1A9256457}.Release|iPhoneSimulator.ActiveCfg = Release|Any CPU
		{EEE78647-0789-4CE5-BDBE-43A1A9256457}.Release|Mixed Platforms.ActiveCfg = Release|Any CPU
		{EEE78647-0789-4CE5-BDBE-43A1A9256457}.Release|Mixed Platforms.Build.0 = Release|Any CPU
		{EEE78647-0789-4CE5-BDBE-43A1A9256457}.Release|x86.ActiveCfg = Release|Any CPU
		{5B2339D1-65D5-4483-ACA9-997350A30E5B}.Ad-Hoc|Any CPU.ActiveCfg = Release|Any CPU
		{5B2339D1-65D5-4483-ACA9-997350A30E5B}.Ad-Hoc|Any CPU.Build.0 = Release|Any CPU
		{5B2339D1-65D5-4483-ACA9-997350A30E5B}.Ad-Hoc|ARM.ActiveCfg = Release|Any CPU
		{5B2339D1-65D5-4483-ACA9-997350A30E5B}.Ad-Hoc|iPhone.ActiveCfg = Release|Any CPU
		{5B2339D1-65D5-4483-ACA9-997350A30E5B}.Ad-Hoc|iPhoneSimulator.ActiveCfg = Release|Any CPU
		{5B2339D1-65D5-4483-ACA9-997350A30E5B}.Ad-Hoc|Mixed Platforms.ActiveCfg = Release|Any CPU
		{5B2339D1-65D5-4483-ACA9-997350A30E5B}.Ad-Hoc|Mixed Platforms.Build.0 = Release|Any CPU
		{5B2339D1-65D5-4483-ACA9-997350A30E5B}.Ad-Hoc|x86.ActiveCfg = Release|Any CPU
		{5B2339D1-65D5-4483-ACA9-997350A30E5B}.AppStore|Any CPU.ActiveCfg = Release|Any CPU
		{5B2339D1-65D5-4483-ACA9-997350A30E5B}.AppStore|Any CPU.Build.0 = Release|Any CPU
		{5B2339D1-65D5-4483-ACA9-997350A30E5B}.AppStore|ARM.ActiveCfg = Release|Any CPU
		{5B2339D1-65D5-4483-ACA9-997350A30E5B}.AppStore|iPhone.ActiveCfg = Release|Any CPU
		{5B2339D1-65D5-4483-ACA9-997350A30E5B}.AppStore|iPhoneSimulator.ActiveCfg = Release|Any CPU
		{5B2339D1-65D5-4483-ACA9-997350A30E5B}.AppStore|Mixed Platforms.ActiveCfg = Release|Any CPU
		{5B2339D1-65D5-4483-ACA9-997350A30E5B}.AppStore|Mixed Platforms.Build.0 = Release|Any CPU
		{5B2339D1-65D5-4483-ACA9-997350A30E5B}.AppStore|x86.ActiveCfg = Release|Any CPU
		{5B2339D1-65D5-4483-ACA9-997350A30E5B}.Debug|Any CPU.ActiveCfg = Debug|Any CPU
		{5B2339D1-65D5-4483-ACA9-997350A30E5B}.Debug|Any CPU.Build.0 = Debug|Any CPU
		{5B2339D1-65D5-4483-ACA9-997350A30E5B}.Debug|ARM.ActiveCfg = Debug|Any CPU
		{5B2339D1-65D5-4483-ACA9-997350A30E5B}.Debug|iPhone.ActiveCfg = Debug|Any CPU
		{5B2339D1-65D5-4483-ACA9-997350A30E5B}.Debug|iPhoneSimulator.ActiveCfg = Debug|Any CPU
		{5B2339D1-65D5-4483-ACA9-997350A30E5B}.Debug|Mixed Platforms.ActiveCfg = Debug|Any CPU
		{5B2339D1-65D5-4483-ACA9-997350A30E5B}.Debug|Mixed Platforms.Build.0 = Debug|Any CPU
		{5B2339D1-65D5-4483-ACA9-997350A30E5B}.Debug|x86.ActiveCfg = Debug|Any CPU
		{5B2339D1-65D5-4483-ACA9-997350A30E5B}.Release|Any CPU.ActiveCfg = Release|Any CPU
		{5B2339D1-65D5-4483-ACA9-997350A30E5B}.Release|Any CPU.Build.0 = Release|Any CPU
		{5B2339D1-65D5-4483-ACA9-997350A30E5B}.Release|ARM.ActiveCfg = Release|Any CPU
		{5B2339D1-65D5-4483-ACA9-997350A30E5B}.Release|iPhone.ActiveCfg = Release|Any CPU
		{5B2339D1-65D5-4483-ACA9-997350A30E5B}.Release|iPhoneSimulator.ActiveCfg = Release|Any CPU
		{5B2339D1-65D5-4483-ACA9-997350A30E5B}.Release|Mixed Platforms.ActiveCfg = Release|Any CPU
		{5B2339D1-65D5-4483-ACA9-997350A30E5B}.Release|Mixed Platforms.Build.0 = Release|Any CPU
		{5B2339D1-65D5-4483-ACA9-997350A30E5B}.Release|x86.ActiveCfg = Release|Any CPU
		{E2D72DDC-611A-4D07-87CE-9ECDC484DF5C}.Ad-Hoc|Any CPU.ActiveCfg = Release|Any CPU
		{E2D72DDC-611A-4D07-87CE-9ECDC484DF5C}.Ad-Hoc|Any CPU.Build.0 = Release|Any CPU
		{E2D72DDC-611A-4D07-87CE-9ECDC484DF5C}.Ad-Hoc|ARM.ActiveCfg = Release|Any CPU
		{E2D72DDC-611A-4D07-87CE-9ECDC484DF5C}.Ad-Hoc|iPhone.ActiveCfg = Release|Any CPU
		{E2D72DDC-611A-4D07-87CE-9ECDC484DF5C}.Ad-Hoc|iPhoneSimulator.ActiveCfg = Release|Any CPU
		{E2D72DDC-611A-4D07-87CE-9ECDC484DF5C}.Ad-Hoc|Mixed Platforms.ActiveCfg = Release|Any CPU
		{E2D72DDC-611A-4D07-87CE-9ECDC484DF5C}.Ad-Hoc|Mixed Platforms.Build.0 = Release|Any CPU
		{E2D72DDC-611A-4D07-87CE-9ECDC484DF5C}.Ad-Hoc|x86.ActiveCfg = Release|Any CPU
		{E2D72DDC-611A-4D07-87CE-9ECDC484DF5C}.AppStore|Any CPU.ActiveCfg = Release|Any CPU
		{E2D72DDC-611A-4D07-87CE-9ECDC484DF5C}.AppStore|Any CPU.Build.0 = Release|Any CPU
		{E2D72DDC-611A-4D07-87CE-9ECDC484DF5C}.AppStore|ARM.ActiveCfg = Release|Any CPU
		{E2D72DDC-611A-4D07-87CE-9ECDC484DF5C}.AppStore|iPhone.ActiveCfg = Release|Any CPU
		{E2D72DDC-611A-4D07-87CE-9ECDC484DF5C}.AppStore|iPhoneSimulator.ActiveCfg = Release|Any CPU
		{E2D72DDC-611A-4D07-87CE-9ECDC484DF5C}.AppStore|Mixed Platforms.ActiveCfg = Release|Any CPU
		{E2D72DDC-611A-4D07-87CE-9ECDC484DF5C}.AppStore|Mixed Platforms.Build.0 = Release|Any CPU
		{E2D72DDC-611A-4D07-87CE-9ECDC484DF5C}.AppStore|x86.ActiveCfg = Release|Any CPU
		{E2D72DDC-611A-4D07-87CE-9ECDC484DF5C}.Debug|Any CPU.ActiveCfg = Debug|Any CPU
		{E2D72DDC-611A-4D07-87CE-9ECDC484DF5C}.Debug|Any CPU.Build.0 = Debug|Any CPU
		{E2D72DDC-611A-4D07-87CE-9ECDC484DF5C}.Debug|ARM.ActiveCfg = Debug|Any CPU
		{E2D72DDC-611A-4D07-87CE-9ECDC484DF5C}.Debug|iPhone.ActiveCfg = Debug|Any CPU
		{E2D72DDC-611A-4D07-87CE-9ECDC484DF5C}.Debug|iPhoneSimulator.ActiveCfg = Debug|Any CPU
		{E2D72DDC-611A-4D07-87CE-9ECDC484DF5C}.Debug|Mixed Platforms.ActiveCfg = Debug|Any CPU
		{E2D72DDC-611A-4D07-87CE-9ECDC484DF5C}.Debug|Mixed Platforms.Build.0 = Debug|Any CPU
		{E2D72DDC-611A-4D07-87CE-9ECDC484DF5C}.Debug|x86.ActiveCfg = Debug|Any CPU
		{E2D72DDC-611A-4D07-87CE-9ECDC484DF5C}.Release|Any CPU.ActiveCfg = Release|Any CPU
		{E2D72DDC-611A-4D07-87CE-9ECDC484DF5C}.Release|Any CPU.Build.0 = Release|Any CPU
		{E2D72DDC-611A-4D07-87CE-9ECDC484DF5C}.Release|ARM.ActiveCfg = Release|Any CPU
		{E2D72DDC-611A-4D07-87CE-9ECDC484DF5C}.Release|iPhone.ActiveCfg = Release|Any CPU
		{E2D72DDC-611A-4D07-87CE-9ECDC484DF5C}.Release|iPhoneSimulator.ActiveCfg = Release|Any CPU
		{E2D72DDC-611A-4D07-87CE-9ECDC484DF5C}.Release|Mixed Platforms.ActiveCfg = Release|Any CPU
		{E2D72DDC-611A-4D07-87CE-9ECDC484DF5C}.Release|Mixed Platforms.Build.0 = Release|Any CPU
		{E2D72DDC-611A-4D07-87CE-9ECDC484DF5C}.Release|x86.ActiveCfg = Release|Any CPU
		{A00C80F3-7504-471B-A371-C9F0721DE8F5}.Ad-Hoc|Any CPU.ActiveCfg = Ad-Hoc|iPhone
		{A00C80F3-7504-471B-A371-C9F0721DE8F5}.Ad-Hoc|ARM.ActiveCfg = Ad-Hoc|iPhone
		{A00C80F3-7504-471B-A371-C9F0721DE8F5}.Ad-Hoc|iPhone.ActiveCfg = Ad-Hoc|iPhone
		{A00C80F3-7504-471B-A371-C9F0721DE8F5}.Ad-Hoc|iPhone.Build.0 = Ad-Hoc|iPhone
		{A00C80F3-7504-471B-A371-C9F0721DE8F5}.Ad-Hoc|iPhoneSimulator.ActiveCfg = Ad-Hoc|iPhoneSimulator
		{A00C80F3-7504-471B-A371-C9F0721DE8F5}.Ad-Hoc|iPhoneSimulator.Build.0 = Ad-Hoc|iPhoneSimulator
		{A00C80F3-7504-471B-A371-C9F0721DE8F5}.Ad-Hoc|Mixed Platforms.ActiveCfg = Ad-Hoc|iPhone
		{A00C80F3-7504-471B-A371-C9F0721DE8F5}.Ad-Hoc|Mixed Platforms.Build.0 = Ad-Hoc|iPhone
		{A00C80F3-7504-471B-A371-C9F0721DE8F5}.Ad-Hoc|x86.ActiveCfg = Ad-Hoc|iPhone
		{A00C80F3-7504-471B-A371-C9F0721DE8F5}.AppStore|Any CPU.ActiveCfg = AppStore|iPhone
		{A00C80F3-7504-471B-A371-C9F0721DE8F5}.AppStore|ARM.ActiveCfg = AppStore|iPhone
		{A00C80F3-7504-471B-A371-C9F0721DE8F5}.AppStore|iPhone.ActiveCfg = AppStore|iPhone
		{A00C80F3-7504-471B-A371-C9F0721DE8F5}.AppStore|iPhone.Build.0 = AppStore|iPhone
		{A00C80F3-7504-471B-A371-C9F0721DE8F5}.AppStore|iPhoneSimulator.ActiveCfg = AppStore|iPhoneSimulator
		{A00C80F3-7504-471B-A371-C9F0721DE8F5}.AppStore|iPhoneSimulator.Build.0 = AppStore|iPhoneSimulator
		{A00C80F3-7504-471B-A371-C9F0721DE8F5}.AppStore|Mixed Platforms.ActiveCfg = AppStore|iPhone
		{A00C80F3-7504-471B-A371-C9F0721DE8F5}.AppStore|Mixed Platforms.Build.0 = AppStore|iPhone
		{A00C80F3-7504-471B-A371-C9F0721DE8F5}.AppStore|x86.ActiveCfg = AppStore|iPhone
		{A00C80F3-7504-471B-A371-C9F0721DE8F5}.Debug|Any CPU.ActiveCfg = Debug|iPhone
		{A00C80F3-7504-471B-A371-C9F0721DE8F5}.Debug|ARM.ActiveCfg = Debug|iPhone
		{A00C80F3-7504-471B-A371-C9F0721DE8F5}.Debug|iPhone.ActiveCfg = Debug|iPhone
		{A00C80F3-7504-471B-A371-C9F0721DE8F5}.Debug|iPhone.Build.0 = Debug|iPhone
		{A00C80F3-7504-471B-A371-C9F0721DE8F5}.Debug|iPhoneSimulator.ActiveCfg = Debug|iPhoneSimulator
		{A00C80F3-7504-471B-A371-C9F0721DE8F5}.Debug|iPhoneSimulator.Build.0 = Debug|iPhoneSimulator
		{A00C80F3-7504-471B-A371-C9F0721DE8F5}.Debug|Mixed Platforms.ActiveCfg = Debug|iPhone
		{A00C80F3-7504-471B-A371-C9F0721DE8F5}.Debug|Mixed Platforms.Build.0 = Debug|iPhone
		{A00C80F3-7504-471B-A371-C9F0721DE8F5}.Debug|x86.ActiveCfg = Debug|iPhone
		{A00C80F3-7504-471B-A371-C9F0721DE8F5}.Release|Any CPU.ActiveCfg = Release|iPhone
		{A00C80F3-7504-471B-A371-C9F0721DE8F5}.Release|ARM.ActiveCfg = Release|iPhone
		{A00C80F3-7504-471B-A371-C9F0721DE8F5}.Release|iPhone.ActiveCfg = Release|iPhone
		{A00C80F3-7504-471B-A371-C9F0721DE8F5}.Release|iPhone.Build.0 = Release|iPhone
		{A00C80F3-7504-471B-A371-C9F0721DE8F5}.Release|iPhoneSimulator.ActiveCfg = Release|iPhoneSimulator
		{A00C80F3-7504-471B-A371-C9F0721DE8F5}.Release|iPhoneSimulator.Build.0 = Release|iPhoneSimulator
		{A00C80F3-7504-471B-A371-C9F0721DE8F5}.Release|Mixed Platforms.ActiveCfg = Release|iPhone
		{A00C80F3-7504-471B-A371-C9F0721DE8F5}.Release|Mixed Platforms.Build.0 = Release|iPhone
		{A00C80F3-7504-471B-A371-C9F0721DE8F5}.Release|x86.ActiveCfg = Release|iPhone
		{1AAB2C97-82A0-4BD1-A9EF-CC7DD04CA8BC}.Ad-Hoc|Any CPU.ActiveCfg = Release|Any CPU
		{1AAB2C97-82A0-4BD1-A9EF-CC7DD04CA8BC}.Ad-Hoc|Any CPU.Build.0 = Release|Any CPU
		{1AAB2C97-82A0-4BD1-A9EF-CC7DD04CA8BC}.Ad-Hoc|Any CPU.Deploy.0 = Release|Any CPU
		{1AAB2C97-82A0-4BD1-A9EF-CC7DD04CA8BC}.Ad-Hoc|ARM.ActiveCfg = Release|Any CPU
		{1AAB2C97-82A0-4BD1-A9EF-CC7DD04CA8BC}.Ad-Hoc|iPhone.ActiveCfg = Release|Any CPU
		{1AAB2C97-82A0-4BD1-A9EF-CC7DD04CA8BC}.Ad-Hoc|iPhoneSimulator.ActiveCfg = Release|Any CPU
		{1AAB2C97-82A0-4BD1-A9EF-CC7DD04CA8BC}.Ad-Hoc|Mixed Platforms.ActiveCfg = Release|Any CPU
		{1AAB2C97-82A0-4BD1-A9EF-CC7DD04CA8BC}.Ad-Hoc|Mixed Platforms.Build.0 = Release|Any CPU
		{1AAB2C97-82A0-4BD1-A9EF-CC7DD04CA8BC}.Ad-Hoc|Mixed Platforms.Deploy.0 = Release|Any CPU
		{1AAB2C97-82A0-4BD1-A9EF-CC7DD04CA8BC}.Ad-Hoc|x86.ActiveCfg = Release|Any CPU
		{1AAB2C97-82A0-4BD1-A9EF-CC7DD04CA8BC}.AppStore|Any CPU.ActiveCfg = Release|Any CPU
		{1AAB2C97-82A0-4BD1-A9EF-CC7DD04CA8BC}.AppStore|Any CPU.Build.0 = Release|Any CPU
		{1AAB2C97-82A0-4BD1-A9EF-CC7DD04CA8BC}.AppStore|Any CPU.Deploy.0 = Release|Any CPU
		{1AAB2C97-82A0-4BD1-A9EF-CC7DD04CA8BC}.AppStore|ARM.ActiveCfg = Release|Any CPU
		{1AAB2C97-82A0-4BD1-A9EF-CC7DD04CA8BC}.AppStore|iPhone.ActiveCfg = Release|Any CPU
		{1AAB2C97-82A0-4BD1-A9EF-CC7DD04CA8BC}.AppStore|iPhoneSimulator.ActiveCfg = Release|Any CPU
		{1AAB2C97-82A0-4BD1-A9EF-CC7DD04CA8BC}.AppStore|Mixed Platforms.ActiveCfg = Release|Any CPU
		{1AAB2C97-82A0-4BD1-A9EF-CC7DD04CA8BC}.AppStore|Mixed Platforms.Build.0 = Release|Any CPU
		{1AAB2C97-82A0-4BD1-A9EF-CC7DD04CA8BC}.AppStore|Mixed Platforms.Deploy.0 = Release|Any CPU
		{1AAB2C97-82A0-4BD1-A9EF-CC7DD04CA8BC}.AppStore|x86.ActiveCfg = Release|Any CPU
		{1AAB2C97-82A0-4BD1-A9EF-CC7DD04CA8BC}.Debug|Any CPU.ActiveCfg = Debug|Any CPU
		{1AAB2C97-82A0-4BD1-A9EF-CC7DD04CA8BC}.Debug|Any CPU.Build.0 = Debug|Any CPU
		{1AAB2C97-82A0-4BD1-A9EF-CC7DD04CA8BC}.Debug|Any CPU.Deploy.0 = Debug|Any CPU
		{1AAB2C97-82A0-4BD1-A9EF-CC7DD04CA8BC}.Debug|ARM.ActiveCfg = Debug|Any CPU
		{1AAB2C97-82A0-4BD1-A9EF-CC7DD04CA8BC}.Debug|iPhone.ActiveCfg = Debug|Any CPU
		{1AAB2C97-82A0-4BD1-A9EF-CC7DD04CA8BC}.Debug|iPhoneSimulator.ActiveCfg = Debug|Any CPU
		{1AAB2C97-82A0-4BD1-A9EF-CC7DD04CA8BC}.Debug|Mixed Platforms.ActiveCfg = Debug|Any CPU
		{1AAB2C97-82A0-4BD1-A9EF-CC7DD04CA8BC}.Debug|Mixed Platforms.Build.0 = Debug|Any CPU
		{1AAB2C97-82A0-4BD1-A9EF-CC7DD04CA8BC}.Debug|Mixed Platforms.Deploy.0 = Debug|Any CPU
		{1AAB2C97-82A0-4BD1-A9EF-CC7DD04CA8BC}.Debug|x86.ActiveCfg = Debug|Any CPU
		{1AAB2C97-82A0-4BD1-A9EF-CC7DD04CA8BC}.Release|Any CPU.ActiveCfg = Release|Any CPU
		{1AAB2C97-82A0-4BD1-A9EF-CC7DD04CA8BC}.Release|Any CPU.Build.0 = Release|Any CPU
		{1AAB2C97-82A0-4BD1-A9EF-CC7DD04CA8BC}.Release|Any CPU.Deploy.0 = Release|Any CPU
		{1AAB2C97-82A0-4BD1-A9EF-CC7DD04CA8BC}.Release|ARM.ActiveCfg = Release|Any CPU
		{1AAB2C97-82A0-4BD1-A9EF-CC7DD04CA8BC}.Release|iPhone.ActiveCfg = Release|Any CPU
		{1AAB2C97-82A0-4BD1-A9EF-CC7DD04CA8BC}.Release|iPhoneSimulator.ActiveCfg = Release|Any CPU
		{1AAB2C97-82A0-4BD1-A9EF-CC7DD04CA8BC}.Release|Mixed Platforms.ActiveCfg = Release|Any CPU
		{1AAB2C97-82A0-4BD1-A9EF-CC7DD04CA8BC}.Release|Mixed Platforms.Build.0 = Release|Any CPU
		{1AAB2C97-82A0-4BD1-A9EF-CC7DD04CA8BC}.Release|Mixed Platforms.Deploy.0 = Release|Any CPU
		{1AAB2C97-82A0-4BD1-A9EF-CC7DD04CA8BC}.Release|x86.ActiveCfg = Release|Any CPU
		{6A1F28DD-EC87-49A8-9207-DEDEEA2D3F73}.Ad-Hoc|Any CPU.ActiveCfg = Release|Any CPU
		{6A1F28DD-EC87-49A8-9207-DEDEEA2D3F73}.Ad-Hoc|Any CPU.Build.0 = Release|Any CPU
		{6A1F28DD-EC87-49A8-9207-DEDEEA2D3F73}.Ad-Hoc|ARM.ActiveCfg = Release|Any CPU
		{6A1F28DD-EC87-49A8-9207-DEDEEA2D3F73}.Ad-Hoc|ARM.Build.0 = Release|Any CPU
		{6A1F28DD-EC87-49A8-9207-DEDEEA2D3F73}.Ad-Hoc|iPhone.ActiveCfg = Release|Any CPU
		{6A1F28DD-EC87-49A8-9207-DEDEEA2D3F73}.Ad-Hoc|iPhone.Build.0 = Release|Any CPU
		{6A1F28DD-EC87-49A8-9207-DEDEEA2D3F73}.Ad-Hoc|iPhoneSimulator.ActiveCfg = Release|Any CPU
		{6A1F28DD-EC87-49A8-9207-DEDEEA2D3F73}.Ad-Hoc|iPhoneSimulator.Build.0 = Release|Any CPU
		{6A1F28DD-EC87-49A8-9207-DEDEEA2D3F73}.Ad-Hoc|Mixed Platforms.ActiveCfg = Release|Any CPU
		{6A1F28DD-EC87-49A8-9207-DEDEEA2D3F73}.Ad-Hoc|Mixed Platforms.Build.0 = Release|Any CPU
		{6A1F28DD-EC87-49A8-9207-DEDEEA2D3F73}.Ad-Hoc|x86.ActiveCfg = Release|Any CPU
		{6A1F28DD-EC87-49A8-9207-DEDEEA2D3F73}.Ad-Hoc|x86.Build.0 = Release|Any CPU
		{6A1F28DD-EC87-49A8-9207-DEDEEA2D3F73}.AppStore|Any CPU.ActiveCfg = Release|Any CPU
		{6A1F28DD-EC87-49A8-9207-DEDEEA2D3F73}.AppStore|Any CPU.Build.0 = Release|Any CPU
		{6A1F28DD-EC87-49A8-9207-DEDEEA2D3F73}.AppStore|ARM.ActiveCfg = Release|Any CPU
		{6A1F28DD-EC87-49A8-9207-DEDEEA2D3F73}.AppStore|ARM.Build.0 = Release|Any CPU
		{6A1F28DD-EC87-49A8-9207-DEDEEA2D3F73}.AppStore|iPhone.ActiveCfg = Release|Any CPU
		{6A1F28DD-EC87-49A8-9207-DEDEEA2D3F73}.AppStore|iPhone.Build.0 = Release|Any CPU
		{6A1F28DD-EC87-49A8-9207-DEDEEA2D3F73}.AppStore|iPhoneSimulator.ActiveCfg = Release|Any CPU
		{6A1F28DD-EC87-49A8-9207-DEDEEA2D3F73}.AppStore|iPhoneSimulator.Build.0 = Release|Any CPU
		{6A1F28DD-EC87-49A8-9207-DEDEEA2D3F73}.AppStore|Mixed Platforms.ActiveCfg = Release|Any CPU
		{6A1F28DD-EC87-49A8-9207-DEDEEA2D3F73}.AppStore|Mixed Platforms.Build.0 = Release|Any CPU
		{6A1F28DD-EC87-49A8-9207-DEDEEA2D3F73}.AppStore|x86.ActiveCfg = Release|Any CPU
		{6A1F28DD-EC87-49A8-9207-DEDEEA2D3F73}.AppStore|x86.Build.0 = Release|Any CPU
		{6A1F28DD-EC87-49A8-9207-DEDEEA2D3F73}.Debug|Any CPU.ActiveCfg = Debug|Any CPU
		{6A1F28DD-EC87-49A8-9207-DEDEEA2D3F73}.Debug|Any CPU.Build.0 = Debug|Any CPU
		{6A1F28DD-EC87-49A8-9207-DEDEEA2D3F73}.Debug|ARM.ActiveCfg = Debug|Any CPU
		{6A1F28DD-EC87-49A8-9207-DEDEEA2D3F73}.Debug|ARM.Build.0 = Debug|Any CPU
		{6A1F28DD-EC87-49A8-9207-DEDEEA2D3F73}.Debug|iPhone.ActiveCfg = Debug|Any CPU
		{6A1F28DD-EC87-49A8-9207-DEDEEA2D3F73}.Debug|iPhone.Build.0 = Debug|Any CPU
		{6A1F28DD-EC87-49A8-9207-DEDEEA2D3F73}.Debug|iPhoneSimulator.ActiveCfg = Debug|Any CPU
		{6A1F28DD-EC87-49A8-9207-DEDEEA2D3F73}.Debug|iPhoneSimulator.Build.0 = Debug|Any CPU
		{6A1F28DD-EC87-49A8-9207-DEDEEA2D3F73}.Debug|Mixed Platforms.ActiveCfg = Debug|Any CPU
		{6A1F28DD-EC87-49A8-9207-DEDEEA2D3F73}.Debug|Mixed Platforms.Build.0 = Debug|Any CPU
		{6A1F28DD-EC87-49A8-9207-DEDEEA2D3F73}.Debug|x86.ActiveCfg = Debug|Any CPU
		{6A1F28DD-EC87-49A8-9207-DEDEEA2D3F73}.Debug|x86.Build.0 = Debug|Any CPU
		{6A1F28DD-EC87-49A8-9207-DEDEEA2D3F73}.Release|Any CPU.ActiveCfg = Release|Any CPU
		{6A1F28DD-EC87-49A8-9207-DEDEEA2D3F73}.Release|Any CPU.Build.0 = Release|Any CPU
		{6A1F28DD-EC87-49A8-9207-DEDEEA2D3F73}.Release|ARM.ActiveCfg = Release|Any CPU
		{6A1F28DD-EC87-49A8-9207-DEDEEA2D3F73}.Release|ARM.Build.0 = Release|Any CPU
		{6A1F28DD-EC87-49A8-9207-DEDEEA2D3F73}.Release|iPhone.ActiveCfg = Release|Any CPU
		{6A1F28DD-EC87-49A8-9207-DEDEEA2D3F73}.Release|iPhone.Build.0 = Release|Any CPU
		{6A1F28DD-EC87-49A8-9207-DEDEEA2D3F73}.Release|iPhoneSimulator.ActiveCfg = Release|Any CPU
		{6A1F28DD-EC87-49A8-9207-DEDEEA2D3F73}.Release|iPhoneSimulator.Build.0 = Release|Any CPU
		{6A1F28DD-EC87-49A8-9207-DEDEEA2D3F73}.Release|Mixed Platforms.ActiveCfg = Release|Any CPU
		{6A1F28DD-EC87-49A8-9207-DEDEEA2D3F73}.Release|Mixed Platforms.Build.0 = Release|Any CPU
		{6A1F28DD-EC87-49A8-9207-DEDEEA2D3F73}.Release|x86.ActiveCfg = Release|Any CPU
		{6A1F28DD-EC87-49A8-9207-DEDEEA2D3F73}.Release|x86.Build.0 = Release|Any CPU
	EndGlobalSection
	GlobalSection(SolutionProperties) = preSolution
		HideSolutionNode = FALSE
	EndGlobalSection
	GlobalSection(NestedProjects) = preSolution
		{CB762848-028C-4470-87C5-843B411AD77D} = {71586AA0-4A45-49D5-94F2-C026059D45D8}
		{41E04F11-D6FC-4A4D-B844-F7C067EAE970} = {71586AA0-4A45-49D5-94F2-C026059D45D8}
		{EEE78647-0789-4CE5-BDBE-43A1A9256457} = {71586AA0-4A45-49D5-94F2-C026059D45D8}
		{111AC6C9-DCFF-45EF-8F17-133A694EAEEE} = {71586AA0-4A45-49D5-94F2-C026059D45D8}
		{5B2339D1-65D5-4483-ACA9-997350A30E5B} = {71586AA0-4A45-49D5-94F2-C026059D45D8}
		{6A1F28DD-EC87-49A8-9207-DEDEEA2D3F73} = {71586AA0-4A45-49D5-94F2-C026059D45D8}
	EndGlobalSection
EndGlobal
